
Microsoft Visual Studio Solution File, Format Version 12.00
# Visual Studio Version 17
VisualStudioVersion = 17.0.31903.59
MinimumVisualStudioVersion = 10.0.40219.1
Project("{2150E333-8FDC-42A3-9474-1A3956D46DE8}") = "src", "src", "{827E0CD3-B72D-47B6-A68D-7590B98EB39B}"
EndProject
Project("{FAE04EC0-301F-11D3-BF4B-00C04F79EFBC}") = "Fcg.Users.Domain", "src\Fcg.Users.Domain\Fcg.Users.Domain.csproj", "{5B3BBB39-B868-4227-83E4-7F0383428A8D}"
EndProject
Project("{FAE04EC0-301F-11D3-BF4B-00C04F79EFBC}") = "Fcg.Users.Application", "src\Fcg.Users.Application\Fcg.Users.Application.csproj", "{C043117D-54A0-4272-8115-DFA24C5E2C99}"
EndProject
Project("{FAE04EC0-301F-11D3-BF4B-00C04F79EFBC}") = "Fcg.Users.Infrastructure", "src\Fcg.Users.Infrastructure\Fcg.Users.Infrastructure.csproj", "{8A4C8B06-B33F-4CC1-BE25-59D48E5B1D06}"
EndProject
Project("{FAE04EC0-301F-11D3-BF4B-00C04F79EFBC}") = "Fcg.Users.WebApi", "src\Fcg.Users.WebApi\Fcg.Users.WebApi.csproj", "{22993619-083A-48D2-AA8C-F55DC3C6BEDD}"
EndProject
Project("{2150E333-8FDC-42A3-9474-1A3956D46DE8}") = "test", "test", "{0C88DD14-F956-CE84-757C-A364CCF449FC}"
EndProject
Project("{FAE04EC0-301F-11D3-BF4B-00C04F79EFBC}") = "Fcg.Users.UnitTests", "test\Fcg.Users.UnitTests\Fcg.Users.UnitTests.csproj", "{74B68CEB-D30C-4432-8B94-0306785DA6F9}"
EndProject
Project("{FAE04EC0-301F-11D3-BF4B-00C04F79EFBC}") = "Fcg.Users.IntegrationTests", "test\Fcg.Users.IntegrationTests\Fcg.Users.IntegrationTests.csproj", "{A26575E9-28F3-4EA5-B26C-A266C0EF045A}"
EndProject
Global
	GlobalSection(SolutionConfigurationPlatforms) = preSolution
		Debug|Any CPU = Debug|Any CPU
		Debug|x64 = Debug|x64
		Debug|x86 = Debug|x86
		Release|Any CPU = Release|Any CPU
		Release|x64 = Release|x64
		Release|x86 = Release|x86
	EndGlobalSection
	GlobalSection(ProjectConfigurationPlatforms) = postSolution
		{5B3BBB39-B868-4227-83E4-7F0383428A8D}.Debug|Any CPU.ActiveCfg = Debug|Any CPU
		{5B3BBB39-B868-4227-83E4-7F0383428A8D}.Debug|Any CPU.Build.0 = Debug|Any CPU
		{5B3BBB39-B868-4227-83E4-7F0383428A8D}.Debug|x64.ActiveCfg = Debug|Any CPU
		{5B3BBB39-B868-4227-83E4-7F0383428A8D}.Debug|x64.Build.0 = Debug|Any CPU
		{5B3BBB39-B868-4227-83E4-7F0383428A8D}.Debug|x86.ActiveCfg = Debug|Any CPU
		{5B3BBB39-B868-4227-83E4-7F0383428A8D}.Debug|x86.Build.0 = Debug|Any CPU
		{5B3BBB39-B868-4227-83E4-7F0383428A8D}.Release|Any CPU.ActiveCfg = Release|Any CPU
		{5B3BBB39-B868-4227-83E4-7F0383428A8D}.Release|Any CPU.Build.0 = Release|Any CPU
		{5B3BBB39-B868-4227-83E4-7F0383428A8D}.Release|x64.ActiveCfg = Release|Any CPU
		{5B3BBB39-B868-4227-83E4-7F0383428A8D}.Release|x64.Build.0 = Release|Any CPU
		{5B3BBB39-B868-4227-83E4-7F0383428A8D}.Release|x86.ActiveCfg = Release|Any CPU
		{5B3BBB39-B868-4227-83E4-7F0383428A8D}.Release|x86.Build.0 = Release|Any CPU
		{C043117D-54A0-4272-8115-DFA24C5E2C99}.Debug|Any CPU.ActiveCfg = Debug|Any CPU
		{C043117D-54A0-4272-8115-DFA24C5E2C99}.Debug|Any CPU.Build.0 = Debug|Any CPU
		{C043117D-54A0-4272-8115-DFA24C5E2C99}.Debug|x64.ActiveCfg = Debug|Any CPU
		{C043117D-54A0-4272-8115-DFA24C5E2C99}.Debug|x64.Build.0 = Debug|Any CPU
		{C043117D-54A0-4272-8115-DFA24C5E2C99}.Debug|x86.ActiveCfg = Debug|Any CPU
		{C043117D-54A0-4272-8115-DFA24C5E2C99}.Debug|x86.Build.0 = Debug|Any CPU
		{C043117D-54A0-4272-8115-DFA24C5E2C99}.Release|Any CPU.ActiveCfg = Release|Any CPU
		{C043117D-54A0-4272-8115-DFA24C5E2C99}.Release|Any CPU.Build.0 = Release|Any CPU
		{C043117D-54A0-4272-8115-DFA24C5E2C99}.Release|x64.ActiveCfg = Release|Any CPU
		{C043117D-54A0-4272-8115-DFA24C5E2C99}.Release|x64.Build.0 = Release|Any CPU
		{C043117D-54A0-4272-8115-DFA24C5E2C99}.Release|x86.ActiveCfg = Release|Any CPU
		{C043117D-54A0-4272-8115-DFA24C5E2C99}.Release|x86.Build.0 = Release|Any CPU
		{8A4C8B06-B33F-4CC1-BE25-59D48E5B1D06}.Debug|Any CPU.ActiveCfg = Debug|Any CPU
		{8A4C8B06-B33F-4CC1-BE25-59D48E5B1D06}.Debug|Any CPU.Build.0 = Debug|Any CPU
		{8A4C8B06-B33F-4CC1-BE25-59D48E5B1D06}.Debug|x64.ActiveCfg = Debug|Any CPU
		{8A4C8B06-B33F-4CC1-BE25-59D48E5B1D06}.Debug|x64.Build.0 = Debug|Any CPU
		{8A4C8B06-B33F-4CC1-BE25-59D48E5B1D06}.Debug|x86.ActiveCfg = Debug|Any CPU
		{8A4C8B06-B33F-4CC1-BE25-59D48E5B1D06}.Debug|x86.Build.0 = Debug|Any CPU
		{8A4C8B06-B33F-4CC1-BE25-59D48E5B1D06}.Release|Any CPU.ActiveCfg = Release|Any CPU
		{8A4C8B06-B33F-4CC1-BE25-59D48E5B1D06}.Release|Any CPU.Build.0 = Release|Any CPU
		{8A4C8B06-B33F-4CC1-BE25-59D48E5B1D06}.Release|x64.ActiveCfg = Release|Any CPU
		{8A4C8B06-B33F-4CC1-BE25-59D48E5B1D06}.Release|x64.Build.0 = Release|Any CPU
		{8A4C8B06-B33F-4CC1-BE25-59D48E5B1D06}.Release|x86.ActiveCfg = Release|Any CPU
		{8A4C8B06-B33F-4CC1-BE25-59D48E5B1D06}.Release|x86.Build.0 = Release|Any CPU
		{22993619-083A-48D2-AA8C-F55DC3C6BEDD}.Debug|Any CPU.ActiveCfg = Debug|Any CPU
		{22993619-083A-48D2-AA8C-F55DC3C6BEDD}.Debug|Any CPU.Build.0 = Debug|Any CPU
		{22993619-083A-48D2-AA8C-F55DC3C6BEDD}.Debug|x64.ActiveCfg = Debug|Any CPU
		{22993619-083A-48D2-AA8C-F55DC3C6BEDD}.Debug|x64.Build.0 = Debug|Any CPU
		{22993619-083A-48D2-AA8C-F55DC3C6BEDD}.Debug|x86.ActiveCfg = Debug|Any CPU
		{22993619-083A-48D2-AA8C-F55DC3C6BEDD}.Debug|x86.Build.0 = Debug|Any CPU
		{22993619-083A-48D2-AA8C-F55DC3C6BEDD}.Release|Any CPU.ActiveCfg = Release|Any CPU
		{22993619-083A-48D2-AA8C-F55DC3C6BEDD}.Release|Any CPU.Build.0 = Release|Any CPU
		{22993619-083A-48D2-AA8C-F55DC3C6BEDD}.Release|x64.ActiveCfg = Release|Any CPU
		{22993619-083A-48D2-AA8C-F55DC3C6BEDD}.Release|x64.Build.0 = Release|Any CPU
		{22993619-083A-48D2-AA8C-F55DC3C6BEDD}.Release|x86.ActiveCfg = Release|Any CPU
		{22993619-083A-48D2-AA8C-F55DC3C6BEDD}.Release|x86.Build.0 = Release|Any CPU
		{74B68CEB-D30C-4432-8B94-0306785DA6F9}.Debug|Any CPU.ActiveCfg = Debug|Any CPU
		{74B68CEB-D30C-4432-8B94-0306785DA6F9}.Debug|Any CPU.Build.0 = Debug|Any CPU
		{74B68CEB-D30C-4432-8B94-0306785DA6F9}.Debug|x64.ActiveCfg = Debug|Any CPU
		{74B68CEB-D30C-4432-8B94-0306785DA6F9}.Debug|x64.Build.0 = Debug|Any CPU
		{74B68CEB-D30C-4432-8B94-0306785DA6F9}.Debug|x86.ActiveCfg = Debug|Any CPU
		{74B68CEB-D30C-4432-8B94-0306785DA6F9}.Debug|x86.Build.0 = Debug|Any CPU
		{74B68CEB-D30C-4432-8B94-0306785DA6F9}.Release|Any CPU.ActiveCfg = Release|Any CPU
		{74B68CEB-D30C-4432-8B94-0306785DA6F9}.Release|Any CPU.Build.0 = Release|Any CPU
		{74B68CEB-D30C-4432-8B94-0306785DA6F9}.Release|x64.ActiveCfg = Release|Any CPU
		{74B68CEB-D30C-4432-8B94-0306785DA6F9}.Release|x64.Build.0 = Release|Any CPU
		{74B68CEB-D30C-4432-8B94-0306785DA6F9}.Release|x86.ActiveCfg = Release|Any CPU
		{74B68CEB-D30C-4432-8B94-0306785DA6F9}.Release|x86.Build.0 = Release|Any CPU
		{A26575E9-28F3-4EA5-B26C-A266C0EF045A}.Debug|Any CPU.ActiveCfg = Debug|Any CPU
		{A26575E9-28F3-4EA5-B26C-A266C0EF045A}.Debug|Any CPU.Build.0 = Debug|Any CPU
		{A26575E9-28F3-4EA5-B26C-A266C0EF045A}.Debug|x64.ActiveCfg = Debug|Any CPU
		{A26575E9-28F3-4EA5-B26C-A266C0EF045A}.Debug|x64.Build.0 = Debug|Any CPU
		{A26575E9-28F3-4EA5-B26C-A266C0EF045A}.Debug|x86.ActiveCfg = Debug|Any CPU
		{A26575E9-28F3-4EA5-B26C-A266C0EF045A}.Debug|x86.Build.0 = Debug|Any CPU
		{A26575E9-28F3-4EA5-B26C-A266C0EF045A}.Release|Any CPU.ActiveCfg = Release|Any CPU
		{A26575E9-28F3-4EA5-B26C-A266C0EF045A}.Release|Any CPU.Build.0 = Release|Any CPU
		{A26575E9-28F3-4EA5-B26C-A266C0EF045A}.Release|x64.ActiveCfg = Release|Any CPU
		{A26575E9-28F3-4EA5-B26C-A266C0EF045A}.Release|x64.Build.0 = Release|Any CPU
		{A26575E9-28F3-4EA5-B26C-A266C0EF045A}.Release|x86.ActiveCfg = Release|Any CPU
		{A26575E9-28F3-4EA5-B26C-A266C0EF045A}.Release|x86.Build.0 = Release|Any CPU
	EndGlobalSection
	GlobalSection(SolutionProperties) = preSolution
		HideSolutionNode = FALSE
	EndGlobalSection
	GlobalSection(NestedProjects) = preSolution
		{5B3BBB39-B868-4227-83E4-7F0383428A8D} = {827E0CD3-B72D-47B6-A68D-7590B98EB39B}
		{C043117D-54A0-4272-8115-DFA24C5E2C99} = {827E0CD3-B72D-47B6-A68D-7590B98EB39B}
		{8A4C8B06-B33F-4CC1-BE25-59D48E5B1D06} = {827E0CD3-B72D-47B6-A68D-7590B98EB39B}
		{22993619-083A-48D2-AA8C-F55DC3C6BEDD} = {827E0CD3-B72D-47B6-A68D-7590B98EB39B}
		{74B68CEB-D30C-4432-8B94-0306785DA6F9} = {0C88DD14-F956-CE84-757C-A364CCF449FC}
		{A26575E9-28F3-4EA5-B26C-A266C0EF045A} = {0C88DD14-F956-CE84-757C-A364CCF449FC}
	EndGlobalSection
EndGlobal
